
Microsoft Visual Studio Solution File, Format Version 12.00
# Visual Studio 15
VisualStudioVersion = 15.0.26228.4
MinimumVisualStudioVersion = 10.0.40219.1
Project("{E24C65DC-7377-472B-9ABA-BC803B73C61A}") = "JavaScriptAutomationDemo", "..\..\WebSites\JavaScriptAutomationDemo\", "{4AFA417B-1703-4BEF-ADA0-422F9E9B7847}"
	ProjectSection(WebsiteProperties) = preProject
		TargetFrameworkMoniker = ".NETFramework,Version%3Dv4.5.2"
		Debug.AspNetCompiler.VirtualPath = "/localhost_62819"
		Debug.AspNetCompiler.PhysicalPath = "..\..\WebSites\JavaScriptAutomationDemo\"
		Debug.AspNetCompiler.TargetPath = "PrecompiledWeb\localhost_62819\"
		Debug.AspNetCompiler.Updateable = "true"
		Debug.AspNetCompiler.ForceOverwrite = "true"
		Debug.AspNetCompiler.FixedNames = "false"
		Debug.AspNetCompiler.Debug = "True"
		Release.AspNetCompiler.VirtualPath = "/localhost_62819"
		Release.AspNetCompiler.PhysicalPath = "..\..\WebSites\JavaScriptAutomationDemo\"
		Release.AspNetCompiler.TargetPath = "PrecompiledWeb\localhost_62819\"
		Release.AspNetCompiler.Updateable = "true"
		Release.AspNetCompiler.ForceOverwrite = "true"
		Release.AspNetCompiler.FixedNames = "false"
		Release.AspNetCompiler.Debug = "False"
		VWDPort = "62819"
		SlnRelativePath = "..\..\WebSites\JavaScriptAutomationDemo\"
		DefaultWebSiteLanguage = "Visual C#"
	EndProjectSection
EndProject
Global
	GlobalSection(SolutionConfigurationPlatforms) = preSolution
		Debug|Any CPU = Debug|Any CPU
	EndGlobalSection
	GlobalSection(ProjectConfigurationPlatforms) = postSolution
		{4AFA417B-1703-4BEF-ADA0-422F9E9B7847}.Debug|Any CPU.ActiveCfg = Debug|Any CPU
		{4AFA417B-1703-4BEF-ADA0-422F9E9B7847}.Debug|Any CPU.Build.0 = Debug|Any CPU
	EndGlobalSection
	GlobalSection(SolutionProperties) = preSolution
		HideSolutionNode = FALSE
	EndGlobalSection
EndGlobal
